# This file is autogenerated, do not edit; changes may be undone by the next 'dep ensure'.


[[projects]]
  branch = "master"
  name = "github.com/shurcooL/go"
  packages = ["ctxhttp"]
  revision = "364c5ae8518b51f5fda954762864d6f4d5c30c89"

[[projects]]
  branch = "master"
  name = "github.com/shurcooL/graphql"
  packages = [
    ".",
    "ident",
    "internal/jsonutil"
  ]
  revision = "3d276b9dcc6b1e0adf19557a8de5cb8632c07697"

[solve-meta]
  analyzer-name = "dep"
  analyzer-version = 1
  inputs-digest = "26903244c6b5f8b18ae927aab09201e5565360c4a286d0a29e665823402e79b9"
  solver-name = "gps-cdcl"
  solver-version = 1
